{
  "version": 4,
  "terraform_version": "1.4.4",
  "serial": 8,
  "lineage": "572487cc-dac6-9d62-bf54-ad74a0a02fbb",
  "outputs": {},
  "resources": [
    {
      "mode": "managed",
      "type": "google_compute_address",
      "name": "ip_address",
      "provider": "provider[\"registry.terraform.io/hashicorp/google\"]",
      "instances": [
        {
          "schema_version": 0,
          "attributes": {
            "address": "34.118.2.188",
            "address_type": "EXTERNAL",
            "creation_timestamp": "2023-04-11T11:57:09.786-07:00",
            "description": "",
            "id": "projects/my-project-cc-380615/regions/europe-central2/addresses/my-address",
            "name": "my-address",
            "network": "",
            "network_tier": "PREMIUM",
            "prefix_length": 0,
            "project": "my-project-cc-380615",
            "purpose": "",
            "region": "europe-central2",
            "self_link": "https://www.googleapis.com/compute/v1/projects/my-project-cc-380615/regions/europe-central2/addresses/my-address",
            "subnetwork": "",
            "timeouts": null,
            "users": []
          },
          "sensitive_attributes": [],
          "private": "eyJlMmJmYjczMC1lY2FhLTExZTYtOGY4OC0zNDM2M2JjN2M0YzAiOnsiY3JlYXRlIjoxMjAwMDAwMDAwMDAwLCJkZWxldGUiOjEyMDAwMDAwMDAwMDB9fQ=="
        }
      ]
    }
  ],
  "check_results": null
}
